
Microsoft Visual Studio Solution File, Format Version 12.00
# Visual Studio 15
VisualStudioVersion = 15.0.27428.2043
MinimumVisualStudioVersion = 10.0.40219.1
Project("{9A19103F-16F7-4668-BE54-9A1E7A4F7556}") = "DotNetClient", "DotNetClient\DotNetClient.csproj", "{7CD2549A-EFA9-41DB-A556-0E37E143A98A}"
EndProject
Project("{9A19103F-16F7-4668-BE54-9A1E7A4F7556}") = "DotNetServer", "DotNetServer\DotNetServer.csproj", "{A52D86BF-599F-4572-A980-6308A624D74D}"
EndProject
Project("{9A19103F-16F7-4668-BE54-9A1E7A4F7556}") = "GrpcProtos", "GrpcProtos\GrpcProtos.csproj", "{88D683AD-28DB-4D47-97DE-BBF8E153E830}"
EndProject
Global
	GlobalSection(SolutionConfigurationPlatforms) = preSolution
		Debug|Any CPU = Debug|Any CPU
		Release|Any CPU = Release|Any CPU
	EndGlobalSection
	GlobalSection(ProjectConfigurationPlatforms) = postSolution
		{7CD2549A-EFA9-41DB-A556-0E37E143A98A}.Debug|Any CPU.ActiveCfg = Debug|Any CPU
		{7CD2549A-EFA9-41DB-A556-0E37E143A98A}.Debug|Any CPU.Build.0 = Debug|Any CPU
		{7CD2549A-EFA9-41DB-A556-0E37E143A98A}.Release|Any CPU.ActiveCfg = Release|Any CPU
		{7CD2549A-EFA9-41DB-A556-0E37E143A98A}.Release|Any CPU.Build.0 = Release|Any CPU
		{A52D86BF-599F-4572-A980-6308A624D74D}.Debug|Any CPU.ActiveCfg = Debug|Any CPU
		{A52D86BF-599F-4572-A980-6308A624D74D}.Debug|Any CPU.Build.0 = Debug|Any CPU
		{A52D86BF-599F-4572-A980-6308A624D74D}.Release|Any CPU.ActiveCfg = Release|Any CPU
		{A52D86BF-599F-4572-A980-6308A624D74D}.Release|Any CPU.Build.0 = Release|Any CPU
		{88D683AD-28DB-4D47-97DE-BBF8E153E830}.Debug|Any CPU.ActiveCfg = Debug|Any CPU
		{88D683AD-28DB-4D47-97DE-BBF8E153E830}.Debug|Any CPU.Build.0 = Debug|Any CPU
		{88D683AD-28DB-4D47-97DE-BBF8E153E830}.Release|Any CPU.ActiveCfg = Release|Any CPU
		{88D683AD-28DB-4D47-97DE-BBF8E153E830}.Release|Any CPU.Build.0 = Release|Any CPU
	EndGlobalSection
	GlobalSection(SolutionProperties) = preSolution
		HideSolutionNode = FALSE
	EndGlobalSection
	GlobalSection(ExtensibilityGlobals) = postSolution
		SolutionGuid = {4A9C4E5F-2BC8-4E1B-9FC4-20FA7D6A9090}
	EndGlobalSection
EndGlobal
